
Microsoft Visual Studio Solution File, Format Version 12.00
# Visual Studio Version 16
VisualStudioVersion = 16.0.29613.14
MinimumVisualStudioVersion = 10.0.40219.1
Project("{FAE04EC0-301F-11D3-BF4B-00C04F79EFBC}") = "MyExpenses", "MyExpenses\MyExpenses.csproj", "{DE55903A-29CE-4924-963C-1361904F684E}"
EndProject
Global
	GlobalSection(SolutionConfigurationPlatforms) = preSolution
		Debug|Any CPU = Debug|Any CPU
		Release|Any CPU = Release|Any CPU
	EndGlobalSection
	GlobalSection(ProjectConfigurationPlatforms) = postSolution
		{DE55903A-29CE-4924-963C-1361904F684E}.Debug|Any CPU.ActiveCfg = Debug|Any CPU
		{DE55903A-29CE-4924-963C-1361904F684E}.Debug|Any CPU.Build.0 = Debug|Any CPU
		{DE55903A-29CE-4924-963C-1361904F684E}.Release|Any CPU.ActiveCfg = Release|Any CPU
		{DE55903A-29CE-4924-963C-1361904F684E}.Release|Any CPU.Build.0 = Release|Any CPU
	EndGlobalSection
	GlobalSection(SolutionProperties) = preSolution
		HideSolutionNode = FALSE
	EndGlobalSection
	GlobalSection(ExtensibilityGlobals) = postSolution
		SolutionGuid = {AA1590DB-2175-456B-9E1D-1FF673EAF121}
	EndGlobalSection
EndGlobal
